
Microsoft Visual Studio Solution File, Format Version 12.00
# Visual Studio 2013
VisualStudioVersion = 12.0.21005.1
MinimumVisualStudioVersion = 10.0.40219.1
Project("{FAE04EC0-301F-11D3-BF4B-00C04F79EFBC}") = "RegexExampleHighlighting", "RegexExampleHighlighting\RegexExampleHighlighting.csproj", "{AAF16457-8527-44FF-B244-21480ADAA6AA}"
EndProject
Global
	GlobalSection(SolutionConfigurationPlatforms) = preSolution
		Debug|Any CPU = Debug|Any CPU
		Release|Any CPU = Release|Any CPU
	EndGlobalSection
	GlobalSection(ProjectConfigurationPlatforms) = postSolution
		{AAF16457-8527-44FF-B244-21480ADAA6AA}.Debug|Any CPU.ActiveCfg = Debug|Any CPU
		{AAF16457-8527-44FF-B244-21480ADAA6AA}.Debug|Any CPU.Build.0 = Debug|Any CPU
		{AAF16457-8527-44FF-B244-21480ADAA6AA}.Release|Any CPU.ActiveCfg = Release|Any CPU
		{AAF16457-8527-44FF-B244-21480ADAA6AA}.Release|Any CPU.Build.0 = Release|Any CPU
	EndGlobalSection
	GlobalSection(SolutionProperties) = preSolution
		HideSolutionNode = FALSE
	EndGlobalSection
EndGlobal
